
Microsoft Visual Studio Solution File, Format Version 12.00
# Visual Studio Version 17
VisualStudioVersion = 17.5.002.0
MinimumVisualStudioVersion = 10.0.40219.1
Project("{9A19103F-16F7-4668-BE54-9A1E7A4F7556}") = "Bloggie.Web", "Bloggie.Web.csproj", "{05FEA5F8-AA2F-4B53-A7C3-75D556E3325A}"
EndProject
Global
	GlobalSection(SolutionConfigurationPlatforms) = preSolution
		Debug|Any CPU = Debug|Any CPU
		Release|Any CPU = Release|Any CPU
	EndGlobalSection
	GlobalSection(ProjectConfigurationPlatforms) = postSolution
		{05FEA5F8-AA2F-4B53-A7C3-75D556E3325A}.Debug|Any CPU.ActiveCfg = Debug|Any CPU
		{05FEA5F8-AA2F-4B53-A7C3-75D556E3325A}.Debug|Any CPU.Build.0 = Debug|Any CPU
		{05FEA5F8-AA2F-4B53-A7C3-75D556E3325A}.Release|Any CPU.ActiveCfg = Release|Any CPU
		{05FEA5F8-AA2F-4B53-A7C3-75D556E3325A}.Release|Any CPU.Build.0 = Release|Any CPU
	EndGlobalSection
	GlobalSection(SolutionProperties) = preSolution
		HideSolutionNode = FALSE
	EndGlobalSection
	GlobalSection(ExtensibilityGlobals) = postSolution
		SolutionGuid = {D06F3DDB-4D17-467E-A8F2-2506C9CE049E}
	EndGlobalSection
EndGlobal
